
Microsoft Visual Studio Solution File, Format Version 12.00
# Visual Studio 2013
VisualStudioVersion = 12.0.21005.1
MinimumVisualStudioVersion = 10.0.40219.1
Project("{FAE04EC0-301F-11D3-BF4B-00C04F79EFBC}") = "Sharplonger", "Sharplonger\Sharplonger.csproj", "{53CF0D42-6260-4FB8-A6C2-35BFE2A4F74D}"
EndProject
Project("{FAE04EC0-301F-11D3-BF4B-00C04F79EFBC}") = "Sharplonger.Tests", "SharplongerTests\Sharplonger.Tests.csproj", "{EB378D71-67AF-451B-9C86-B41F76ED1B3F}"
EndProject
Global
	GlobalSection(SolutionConfigurationPlatforms) = preSolution
		Debug|Any CPU = Debug|Any CPU
		Debug|ARM = Debug|ARM
		Debug|x86 = Debug|x86
		Release|Any CPU = Release|Any CPU
		Release|ARM = Release|ARM
		Release|x86 = Release|x86
	EndGlobalSection
	GlobalSection(ProjectConfigurationPlatforms) = postSolution
		{53CF0D42-6260-4FB8-A6C2-35BFE2A4F74D}.Debug|Any CPU.ActiveCfg = Debug|Any CPU
		{53CF0D42-6260-4FB8-A6C2-35BFE2A4F74D}.Debug|Any CPU.Build.0 = Debug|Any CPU
		{53CF0D42-6260-4FB8-A6C2-35BFE2A4F74D}.Debug|ARM.ActiveCfg = Debug|Any CPU
		{53CF0D42-6260-4FB8-A6C2-35BFE2A4F74D}.Debug|x86.ActiveCfg = Debug|Any CPU
		{53CF0D42-6260-4FB8-A6C2-35BFE2A4F74D}.Release|Any CPU.ActiveCfg = Release|Any CPU
		{53CF0D42-6260-4FB8-A6C2-35BFE2A4F74D}.Release|Any CPU.Build.0 = Release|Any CPU
		{53CF0D42-6260-4FB8-A6C2-35BFE2A4F74D}.Release|ARM.ActiveCfg = Release|Any CPU
		{53CF0D42-6260-4FB8-A6C2-35BFE2A4F74D}.Release|x86.ActiveCfg = Release|Any CPU
		{EB378D71-67AF-451B-9C86-B41F76ED1B3F}.Debug|Any CPU.ActiveCfg = Debug|Any CPU
		{EB378D71-67AF-451B-9C86-B41F76ED1B3F}.Debug|Any CPU.Build.0 = Debug|Any CPU
		{EB378D71-67AF-451B-9C86-B41F76ED1B3F}.Debug|ARM.ActiveCfg = Debug|Any CPU
		{EB378D71-67AF-451B-9C86-B41F76ED1B3F}.Debug|x86.ActiveCfg = Debug|Any CPU
		{EB378D71-67AF-451B-9C86-B41F76ED1B3F}.Release|Any CPU.ActiveCfg = Release|Any CPU
		{EB378D71-67AF-451B-9C86-B41F76ED1B3F}.Release|Any CPU.Build.0 = Release|Any CPU
		{EB378D71-67AF-451B-9C86-B41F76ED1B3F}.Release|ARM.ActiveCfg = Release|Any CPU
		{EB378D71-67AF-451B-9C86-B41F76ED1B3F}.Release|x86.ActiveCfg = Release|Any CPU
	EndGlobalSection
	GlobalSection(SolutionProperties) = preSolution
		HideSolutionNode = FALSE
	EndGlobalSection
EndGlobal
